
Microsoft Visual Studio Solution File, Format Version 12.00
# Visual Studio Version 17
VisualStudioVersion = 17.5.33530.505
MinimumVisualStudioVersion = 10.0.40219.1
Project("{FAE04EC0-301F-11D3-BF4B-00C04F79EFBC}") = "ToolCheckerApp", "ToolCheckerApp.csproj", "{66EF26D1-37BC-4097-9B09-DF97AD584ADC}"
EndProject
Global
	GlobalSection(SolutionConfigurationPlatforms) = preSolution
		Debug|Any CPU = Debug|Any CPU
		Release|Any CPU = Release|Any CPU
	EndGlobalSection
	GlobalSection(ProjectConfigurationPlatforms) = postSolution
		{66EF26D1-37BC-4097-9B09-DF97AD584ADC}.Debug|Any CPU.ActiveCfg = Debug|Any CPU
		{66EF26D1-37BC-4097-9B09-DF97AD584ADC}.Debug|Any CPU.Build.0 = Debug|Any CPU
		{66EF26D1-37BC-4097-9B09-DF97AD584ADC}.Release|Any CPU.ActiveCfg = Release|Any CPU
		{66EF26D1-37BC-4097-9B09-DF97AD584ADC}.Release|Any CPU.Build.0 = Release|Any CPU
	EndGlobalSection
	GlobalSection(SolutionProperties) = preSolution
		HideSolutionNode = FALSE
	EndGlobalSection
	GlobalSection(ExtensibilityGlobals) = postSolution
		SolutionGuid = {8A027053-607F-4149-8ABE-1B69A311898D}
	EndGlobalSection
EndGlobal
